
Microsoft Visual Studio Solution File, Format Version 12.00
# Visual Studio Version 16
VisualStudioVersion = 16.0.31515.178
MinimumVisualStudioVersion = 10.0.40219.1
Project("{FAE04EC0-301F-11D3-BF4B-00C04F79EFBC}") = "WebApplication44", "WebApplication44\WebApplication44.csproj", "{5220794C-97A0-4F8E-B606-F3F60E0FCD4B}"
EndProject
Global
	GlobalSection(SolutionConfigurationPlatforms) = preSolution
		Debug|Any CPU = Debug|Any CPU
		Release|Any CPU = Release|Any CPU
	EndGlobalSection
	GlobalSection(ProjectConfigurationPlatforms) = postSolution
		{5220794C-97A0-4F8E-B606-F3F60E0FCD4B}.Debug|Any CPU.ActiveCfg = Debug|Any CPU
		{5220794C-97A0-4F8E-B606-F3F60E0FCD4B}.Debug|Any CPU.Build.0 = Debug|Any CPU
		{5220794C-97A0-4F8E-B606-F3F60E0FCD4B}.Release|Any CPU.ActiveCfg = Release|Any CPU
		{5220794C-97A0-4F8E-B606-F3F60E0FCD4B}.Release|Any CPU.Build.0 = Release|Any CPU
	EndGlobalSection
	GlobalSection(SolutionProperties) = preSolution
		HideSolutionNode = FALSE
	EndGlobalSection
	GlobalSection(ExtensibilityGlobals) = postSolution
		SolutionGuid = {9F326D08-1DBE-434B-AC79-6BAF7614FC9E}
	EndGlobalSection
EndGlobal
